<?xml version="1.0" encoding="utf-8"?>
<Project ToolsVersion="4.0" xmlns="http://schemas.microsoft.com/developer/msbuild/2003">
  <ItemGroup>
    <Filter Include="Source Files">
      <UniqueIdentifier>{4FC737F1-C7A5-4376-A066-2A32D752A2FF}</UniqueIdentifier>
      <Extensions>qml;cpp;c;cc;cxx;def;odl;idl;hpj;bat;asm;asmx</Extensions>
    </Filter>
    <Filter Include="Source Files\Internal">
      <UniqueIdentifier>{2a1b8db1-cdcc-41c0-ba23-5836070e718e}</UniqueIdentifier>
    </Filter>
    <Filter Include="Source Files\Internal\Utility">
      <UniqueIdentifier>{4a6c0ec3-7c0d-4883-9ec8-06977fa6d75a}</UniqueIdentifier>
    </Filter>
    <Filter Include="Source Files\Types">
      <UniqueIdentifier>{44913c77-6411-4b4b-99af-1b9c1a4e24a9}</UniqueIdentifier>
    </Filter>
  </ItemGroup>
  <ItemGroup>
    <ClCompile Include="Internal\TelegramListener.cpp">
      <Filter>Source Files\Internal</Filter>
    </ClCompile>
    <ClCompile Include="Internal\Utility\QHttpMultiPartInserter.cpp">
      <Filter>Source Files\Internal\Utility</Filter>
    </ClCompile>
    <ClCompile Include="Internal\Utility\QJsonArrayInserter.cpp">
      <Filter>Source Files\Internal\Utility</Filter>
    </ClCompile>
    <ClCompile Include="Internal\Utility\QJsonObjectInserter.cpp">
      <Filter>Source Files\Internal\Utility</Filter>
    </ClCompile>
    <ClCompile Include="Internal\Utility\Utility.cpp">
      <Filter>Source Files\Internal\Utility</Filter>
    </ClCompile>
    <ClCompile Include="Types\WebhookInfo.cpp">
      <Filter>Source Files\Types</Filter>
    </ClCompile>
    <ClCompile Include="Types\VoiceChatStarted.cpp">
      <Filter>Source Files\Types</Filter>
    </ClCompile>
    <ClCompile Include="Types\VoiceChatScheduled.cpp">
      <Filter>Source Files\Types</Filter>
    </ClCompile>
    <ClCompile Include="Types\VoiceChatParticipantsInvited.cpp">
      <Filter>Source Files\Types</Filter>
    </ClCompile>
    <ClCompile Include="Types\VoiceChatEnded.cpp">
      <Filter>Source Files\Types</Filter>
    </ClCompile>
    <ClCompile Include="Types\Voice.cpp">
      <Filter>Source Files\Types</Filter>
    </ClCompile>
    <ClCompile Include="Types\VideoNote.cpp">
      <Filter>Source Files\Types</Filter>
    </ClCompile>
    <ClCompile Include="Types\Video.cpp">
      <Filter>Source Files\Types</Filter>
    </ClCompile>
    <ClCompile Include="Types\Venue.cpp">
      <Filter>Source Files\Types</Filter>
    </ClCompile>
    <ClCompile Include="Types\UserProfilePhotos.cpp">
      <Filter>Source Files\Types</Filter>
    </ClCompile>
    <ClCompile Include="Types\User.cpp">
      <Filter>Source Files\Types</Filter>
    </ClCompile>
    <ClCompile Include="Types\Update.cpp">
      <Filter>Source Files\Types</Filter>
    </ClCompile>
    <ClCompile Include="Types\StickerSet.cpp">
      <Filter>Source Files\Types</Filter>
    </ClCompile>
    <ClCompile Include="Types\Sticker.cpp">
      <Filter>Source Files\Types</Filter>
    </ClCompile>
    <ClCompile Include="Types\ResponseParameters.cpp">
      <Filter>Source Files\Types</Filter>
    </ClCompile>
    <ClCompile Include="Types\ReplyKeyboardRemove.cpp">
      <Filter>Source Files\Types</Filter>
    </ClCompile>
    <ClCompile Include="Types\ReplyKeyboardMarkup.cpp">
      <Filter>Source Files\Types</Filter>
    </ClCompile>
    <ClCompile Include="Types\ProximityAlertTriggered.cpp">
      <Filter>Source Files\Types</Filter>
    </ClCompile>
    <ClCompile Include="Types\PollOption.cpp">
      <Filter>Source Files\Types</Filter>
    </ClCompile>
    <ClCompile Include="Types\PollAnswer.cpp">
      <Filter>Source Files\Types</Filter>
    </ClCompile>
    <ClCompile Include="Types\Poll.cpp">
      <Filter>Source Files\Types</Filter>
    </ClCompile>
    <ClCompile Include="Types\PhotoSize.cpp">
      <Filter>Source Files\Types</Filter>
    </ClCompile>
    <ClCompile Include="Types\MessageId.cpp">
      <Filter>Source Files\Types</Filter>
    </ClCompile>
    <ClCompile Include="Types\MessageEntity.cpp">
      <Filter>Source Files\Types</Filter>
    </ClCompile>
    <ClCompile Include="Types\MessageAutoDeleteTimerChanged.cpp">
      <Filter>Source Files\Types</Filter>
    </ClCompile>
    <ClCompile Include="Types\Message.cpp">
      <Filter>Source Files\Types</Filter>
    </ClCompile>
    <ClCompile Include="Types\MaskPosition.cpp">
      <Filter>Source Files\Types</Filter>
    </ClCompile>
    <ClCompile Include="Types\LoginURL.cpp">
      <Filter>Source Files\Types</Filter>
    </ClCompile>
    <ClCompile Include="Types\Location.cpp">
      <Filter>Source Files\Types</Filter>
    </ClCompile>
    <ClCompile Include="Types\KeyboardButtonPollType.cpp">
      <Filter>Source Files\Types</Filter>
    </ClCompile>
    <ClCompile Include="Types\KeyboardButton.cpp">
      <Filter>Source Files\Types</Filter>
    </ClCompile>
    <ClCompile Include="Types\InputVenueMessageContent.cpp">
      <Filter>Source Files\Types</Filter>
    </ClCompile>
    <ClCompile Include="Types\InputTextMessageContent.cpp">
      <Filter>Source Files\Types</Filter>
    </ClCompile>
    <ClCompile Include="Types\InputMessageContent.cpp">
      <Filter>Source Files\Types</Filter>
    </ClCompile>
    <ClCompile Include="Types\InputMediaVideo.cpp">
      <Filter>Source Files\Types</Filter>
    </ClCompile>
    <ClCompile Include="Types\InputMediaPhoto.cpp">
      <Filter>Source Files\Types</Filter>
    </ClCompile>
    <ClCompile Include="Types\InputMediaDocument.cpp">
      <Filter>Source Files\Types</Filter>
    </ClCompile>
    <ClCompile Include="Types\InputMediaAudio.cpp">
      <Filter>Source Files\Types</Filter>
    </ClCompile>
    <ClCompile Include="Types\InputMediaAnimation.cpp">
      <Filter>Source Files\Types</Filter>
    </ClCompile>
    <ClCompile Include="Types\InputMedia.cpp">
      <Filter>Source Files\Types</Filter>
    </ClCompile>
    <ClCompile Include="Types\InputLocationMessageContent.cpp">
      <Filter>Source Files\Types</Filter>
    </ClCompile>
    <ClCompile Include="Types\InputInvoiceMessageContent.cpp">
      <Filter>Source Files\Types</Filter>
    </ClCompile>
    <ClCompile Include="Types\InputContactMessageContent.cpp">
      <Filter>Source Files\Types</Filter>
    </ClCompile>
    <ClCompile Include="Types\InlineQueryResultVoice.cpp">
      <Filter>Source Files\Types</Filter>
    </ClCompile>
    <ClCompile Include="Types\InlineQueryResultVideo.cpp">
      <Filter>Source Files\Types</Filter>
    </ClCompile>
    <ClCompile Include="Types\InlineQueryResultVenue.cpp">
      <Filter>Source Files\Types</Filter>
    </ClCompile>
    <ClCompile Include="Types\InlineQueryResultPhoto.cpp">
      <Filter>Source Files\Types</Filter>
    </ClCompile>
    <ClCompile Include="Types\InlineQueryResultMpeg4Gif.cpp">
      <Filter>Source Files\Types</Filter>
    </ClCompile>
    <ClCompile Include="Types\InlineQueryResultLocation.cpp">
      <Filter>Source Files\Types</Filter>
    </ClCompile>
    <ClCompile Include="Types\InlineQueryResultGif.cpp">
      <Filter>Source Files\Types</Filter>
    </ClCompile>
    <ClCompile Include="Types\InlineQueryResultGame.cpp">
      <Filter>Source Files\Types</Filter>
    </ClCompile>
    <ClCompile Include="Types\InlineQueryResultDocument.cpp">
      <Filter>Source Files\Types</Filter>
    </ClCompile>
    <ClCompile Include="Types\InlineQueryResultContact.cpp">
      <Filter>Source Files\Types</Filter>
    </ClCompile>
    <ClCompile Include="Types\InlineQueryResultCachedVoice.cpp">
      <Filter>Source Files\Types</Filter>
    </ClCompile>
    <ClCompile Include="Types\InlineQueryResultCachedVideo.cpp">
      <Filter>Source Files\Types</Filter>
    </ClCompile>
    <ClCompile Include="Types\InlineQueryResultCachedSticker.cpp">
      <Filter>Source Files\Types</Filter>
    </ClCompile>
    <ClCompile Include="Types\InlineQueryResultCachedPhoto.cpp">
      <Filter>Source Files\Types</Filter>
    </ClCompile>
    <ClCompile Include="Types\InlineQueryResultCachedMpeg4Gif.cpp">
      <Filter>Source Files\Types</Filter>
    </ClCompile>
    <ClCompile Include="Types\InlineQueryResultCachedGif.cpp">
      <Filter>Source Files\Types</Filter>
    </ClCompile>
    <ClCompile Include="Types\InlineQueryResultCachedDocument.cpp">
      <Filter>Source Files\Types</Filter>
    </ClCompile>
    <ClCompile Include="Types\InlineQueryResultCachedAudio.cpp">
      <Filter>Source Files\Types</Filter>
    </ClCompile>
    <ClCompile Include="Types\InlineQueryResultAudio.cpp">
      <Filter>Source Files\Types</Filter>
    </ClCompile>
    <ClCompile Include="Types\InlineQueryResultArticle.cpp">
      <Filter>Source Files\Types</Filter>
    </ClCompile>
    <ClCompile Include="Types\InlineQueryResult.cpp">
      <Filter>Source Files\Types</Filter>
    </ClCompile>
    <ClCompile Include="Types\InlineQuery.cpp">
      <Filter>Source Files\Types</Filter>
    </ClCompile>
    <ClCompile Include="Types\InlineKeyboardMarkup.cpp">
      <Filter>Source Files\Types</Filter>
    </ClCompile>
    <ClCompile Include="Types\InlineKeyboardButton.cpp">
      <Filter>Source Files\Types</Filter>
    </ClCompile>
    <ClCompile Include="Types\ForceReply.cpp">
      <Filter>Source Files\Types</Filter>
    </ClCompile>
    <ClCompile Include="Types\File.cpp">
      <Filter>Source Files\Types</Filter>
    </ClCompile>
    <ClCompile Include="Types\Error.cpp">
      <Filter>Source Files\Types</Filter>
    </ClCompile>
    <ClCompile Include="Types\Document.cpp">
      <Filter>Source Files\Types</Filter>
    </ClCompile>
    <ClCompile Include="Types\Dice.cpp">
      <Filter>Source Files\Types</Filter>
    </ClCompile>
    <ClCompile Include="Types\Contact.cpp">
      <Filter>Source Files\Types</Filter>
    </ClCompile>
    <ClCompile Include="Types\ChosenInlineResult.cpp">
      <Filter>Source Files\Types</Filter>
    </ClCompile>
    <ClCompile Include="Types\ChatPhoto.cpp">
      <Filter>Source Files\Types</Filter>
    </ClCompile>
    <ClCompile Include="Types\ChatPermissions.cpp">
      <Filter>Source Files\Types</Filter>
    </ClCompile>
    <ClCompile Include="Types\ChatMemberUpdated.cpp">
      <Filter>Source Files\Types</Filter>
    </ClCompile>
    <ClCompile Include="Types\ChatMemberRestricted.cpp">
      <Filter>Source Files\Types</Filter>
    </ClCompile>
    <ClCompile Include="Types\ChatMemberOwner.cpp">
      <Filter>Source Files\Types</Filter>
    </ClCompile>
    <ClCompile Include="Types\ChatMemberMember.cpp">
      <Filter>Source Files\Types</Filter>
    </ClCompile>
    <ClCompile Include="Types\ChatMemberLeft.cpp">
      <Filter>Source Files\Types</Filter>
    </ClCompile>
    <ClCompile Include="Types\ChatMemberBanned.cpp">
      <Filter>Source Files\Types</Filter>
    </ClCompile>
    <ClCompile Include="Types\ChatMemberAdministrator.cpp">
      <Filter>Source Files\Types</Filter>
    </ClCompile>
    <ClCompile Include="Types\ChatMember.cpp">
      <Filter>Source Files\Types</Filter>
    </ClCompile>
    <ClCompile Include="Types\ChatLocation.cpp">
      <Filter>Source Files\Types</Filter>
    </ClCompile>
    <ClCompile Include="Types\ChatInviteLink.cpp">
      <Filter>Source Files\Types</Filter>
    </ClCompile>
    <ClCompile Include="Types\Chat.cpp">
      <Filter>Source Files\Types</Filter>
    </ClCompile>
    <ClCompile Include="Types\CallbackQuery.cpp">
      <Filter>Source Files\Types</Filter>
    </ClCompile>
    <ClCompile Include="Types\BotCommandScopeChatMember.cpp">
      <Filter>Source Files\Types</Filter>
    </ClCompile>
    <ClCompile Include="Types\BotCommandScopeChatAdministrators.cpp">
      <Filter>Source Files\Types</Filter>
    </ClCompile>
    <ClCompile Include="Types\BotCommandScopeChat.cpp">
      <Filter>Source Files\Types</Filter>
    </ClCompile>
    <ClCompile Include="Types\BotCommand.cpp">
      <Filter>Source Files\Types</Filter>
    </ClCompile>
    <ClCompile Include="Types\Audio.cpp">
      <Filter>Source Files\Types</Filter>
    </ClCompile>
    <ClCompile Include="Types\Animation.cpp">
      <Filter>Source Files\Types</Filter>
    </ClCompile>
    <ClCompile Include="Bot.cpp">
      <Filter>Source Files</Filter>
    </ClCompile>
    <ClCompile Include="BotSettings.cpp">
      <Filter>Source Files</Filter>
    </ClCompile>
  </ItemGroup>
  <ItemGroup>
    <QtMoc Include="Internal\TelegramListener.h">
      <Filter>Source Files\Internal</Filter>
    </QtMoc>
    <QtMoc Include="Types\BotCommandScope.h">
      <Filter>Source Files\Types</Filter>
    </QtMoc>
    <QtMoc Include="Types\Chat.h">
      <Filter>Source Files\Types</Filter>
    </QtMoc>
    <QtMoc Include="Types\ChatMember.h">
      <Filter>Source Files\Types</Filter>
    </QtMoc>
    <QtMoc Include="Types\InlineQuery.h">
      <Filter>Source Files\Types</Filter>
    </QtMoc>
    <QtMoc Include="Types\InlineQueryResult.h">
      <Filter>Source Files\Types</Filter>
    </QtMoc>
    <QtMoc Include="Types\InputMedia.h">
      <Filter>Source Files\Types</Filter>
    </QtMoc>
    <QtMoc Include="Types\MaskPosition.h">
      <Filter>Source Files\Types</Filter>
    </QtMoc>
    <QtMoc Include="Types\Message.h">
      <Filter>Source Files\Types</Filter>
    </QtMoc>
    <QtMoc Include="Types\MessageEntity.h">
      <Filter>Source Files\Types</Filter>
    </QtMoc>
    <QtMoc Include="Types\Poll.h">
      <Filter>Source Files\Types</Filter>
    </QtMoc>
    <QtMoc Include="Bot.h">
      <Filter>Source Files</Filter>
    </QtMoc>
  </ItemGroup>
  <ItemGroup>
    <ClInclude Include="Internal\Utility\QHttpMultiPartInserter.h">
      <Filter>Source Files\Internal\Utility</Filter>
    </ClInclude>
    <ClInclude Include="Internal\Utility\QJsonArrayInserter.h">
      <Filter>Source Files\Internal\Utility</Filter>
    </ClInclude>
    <ClInclude Include="Internal\Utility\QJsonObjectInserter.h">
      <Filter>Source Files\Internal\Utility</Filter>
    </ClInclude>
    <ClInclude Include="Internal\Utility\QVectorInserter.h">
      <Filter>Source Files\Internal\Utility</Filter>
    </ClInclude>
    <ClInclude Include="Internal\Utility\Utility.h">
      <Filter>Source Files\Internal\Utility</Filter>
    </ClInclude>
    <ClInclude Include="Internal\Utility\QHttpMultiPartInserter.hpp">
      <Filter>Source Files\Internal\Utility</Filter>
    </ClInclude>
    <ClInclude Include="Internal\Utility\QJsonArrayInserter.hpp">
      <Filter>Source Files\Internal\Utility</Filter>
    </ClInclude>
    <ClInclude Include="Internal\Utility\QJsonObjectInserter.hpp">
      <Filter>Source Files\Internal\Utility</Filter>
    </ClInclude>
    <ClInclude Include="Internal\Utility\QVectorInserter.hpp">
      <Filter>Source Files\Internal\Utility</Filter>
    </ClInclude>
    <ClInclude Include="Types\Animation.h">
      <Filter>Source Files\Types</Filter>
    </ClInclude>
    <ClInclude Include="Types\Audio.h">
      <Filter>Source Files\Types</Filter>
    </ClInclude>
    <ClInclude Include="Types\BotCommand.h">
      <Filter>Source Files\Types</Filter>
    </ClInclude>
    <ClInclude Include="Types\BotCommandScopeAllChatAdministrators.h">
      <Filter>Source Files\Types</Filter>
    </ClInclude>
    <ClInclude Include="Types\BotCommandScopeAllGroupChats.h">
      <Filter>Source Files\Types</Filter>
    </ClInclude>
    <ClInclude Include="Types\BotCommandScopeAllPrivateChats.h">
      <Filter>Source Files\Types</Filter>
    </ClInclude>
    <ClInclude Include="Types\BotCommandScopeChat.h">
      <Filter>Source Files\Types</Filter>
    </ClInclude>
    <ClInclude Include="Types\BotCommandScopeChatAdministrators.h">
      <Filter>Source Files\Types</Filter>
    </ClInclude>
    <ClInclude Include="Types\BotCommandScopeChatMember.h">
      <Filter>Source Files\Types</Filter>
    </ClInclude>
    <ClInclude Include="Types\BotCommandScopeDefault.h">
      <Filter>Source Files\Types</Filter>
    </ClInclude>
    <ClInclude Include="Types\CallbackQuery.h">
      <Filter>Source Files\Types</Filter>
    </ClInclude>
    <ClInclude Include="Types\ChatInviteLink.h">
      <Filter>Source Files\Types</Filter>
    </ClInclude>
    <ClInclude Include="Types\ChatLocation.h">
      <Filter>Source Files\Types</Filter>
    </ClInclude>
    <ClInclude Include="Types\ChatMemberAdministrator.h">
      <Filter>Source Files\Types</Filter>
    </ClInclude>
    <ClInclude Include="Types\ChatMemberBanned.h">
      <Filter>Source Files\Types</Filter>
    </ClInclude>
    <ClInclude Include="Types\ChatMemberLeft.h">
      <Filter>Source Files\Types</Filter>
    </ClInclude>
    <ClInclude Include="Types\ChatMemberMember.h">
      <Filter>Source Files\Types</Filter>
    </ClInclude>
    <ClInclude Include="Types\ChatMemberOwner.h">
      <Filter>Source Files\Types</Filter>
    </ClInclude>
    <ClInclude Include="Types\ChatMemberRestricted.h">
      <Filter>Source Files\Types</Filter>
    </ClInclude>
    <ClInclude Include="Types\ChatMemberUpdated.h">
      <Filter>Source Files\Types</Filter>
    </ClInclude>
    <ClInclude Include="Types\ChatPermissions.h">
      <Filter>Source Files\Types</Filter>
    </ClInclude>
    <ClInclude Include="Types\ChatPhoto.h">
      <Filter>Source Files\Types</Filter>
    </ClInclude>
    <ClInclude Include="Types\ChosenInlineResult.h">
      <Filter>Source Files\Types</Filter>
    </ClInclude>
    <ClInclude Include="Types\Contact.h">
      <Filter>Source Files\Types</Filter>
    </ClInclude>
    <ClInclude Include="Types\Dice.h">
      <Filter>Source Files\Types</Filter>
    </ClInclude>
    <ClInclude Include="Types\Document.h">
      <Filter>Source Files\Types</Filter>
    </ClInclude>
    <ClInclude Include="Types\Error.h">
      <Filter>Source Files\Types</Filter>
    </ClInclude>
    <ClInclude Include="Types\File.h">
      <Filter>Source Files\Types</Filter>
    </ClInclude>
    <ClInclude Include="Types\ForceReply.h">
      <Filter>Source Files\Types</Filter>
    </ClInclude>
    <ClInclude Include="Types\InlineKeyboardButton.h">
      <Filter>Source Files\Types</Filter>
    </ClInclude>
    <ClInclude Include="Types\InlineKeyboardMarkup.h">
      <Filter>Source Files\Types</Filter>
    </ClInclude>
    <ClInclude Include="Types\InlineQueryResultArticle.h">
      <Filter>Source Files\Types</Filter>
    </ClInclude>
    <ClInclude Include="Types\InlineQueryResultAudio.h">
      <Filter>Source Files\Types</Filter>
    </ClInclude>
    <ClInclude Include="Types\InlineQueryResultCachedAudio.h">
      <Filter>Source Files\Types</Filter>
    </ClInclude>
    <ClInclude Include="Types\InlineQueryResultCachedDocument.h">
      <Filter>Source Files\Types</Filter>
    </ClInclude>
    <ClInclude Include="Types\InlineQueryResultCachedGif.h">
      <Filter>Source Files\Types</Filter>
    </ClInclude>
    <ClInclude Include="Types\InlineQueryResultCachedMpeg4Gif.h">
      <Filter>Source Files\Types</Filter>
    </ClInclude>
    <ClInclude Include="Types\InlineQueryResultCachedPhoto.h">
      <Filter>Source Files\Types</Filter>
    </ClInclude>
    <ClInclude Include="Types\InlineQueryResultCachedSticker.h">
      <Filter>Source Files\Types</Filter>
    </ClInclude>
    <ClInclude Include="Types\InlineQueryResultCachedVideo.h">
      <Filter>Source Files\Types</Filter>
    </ClInclude>
    <ClInclude Include="Types\InlineQueryResultCachedVoice.h">
      <Filter>Source Files\Types</Filter>
    </ClInclude>
    <ClInclude Include="Types\InlineQueryResultContact.h">
      <Filter>Source Files\Types</Filter>
    </ClInclude>
    <ClInclude Include="Types\InlineQueryResultDocument.h">
      <Filter>Source Files\Types</Filter>
    </ClInclude>
    <ClInclude Include="Types\InlineQueryResultGame.h">
      <Filter>Source Files\Types</Filter>
    </ClInclude>
    <ClInclude Include="Types\InlineQueryResultGif.h">
      <Filter>Source Files\Types</Filter>
    </ClInclude>
    <ClInclude Include="Types\InlineQueryResultLocation.h">
      <Filter>Source Files\Types</Filter>
    </ClInclude>
    <ClInclude Include="Types\InlineQueryResultMpeg4Gif.h">
      <Filter>Source Files\Types</Filter>
    </ClInclude>
    <ClInclude Include="Types\InlineQueryResultPhoto.h">
      <Filter>Source Files\Types</Filter>
    </ClInclude>
    <ClInclude Include="Types\InlineQueryResultVenue.h">
      <Filter>Source Files\Types</Filter>
    </ClInclude>
    <ClInclude Include="Types\InlineQueryResultVideo.h">
      <Filter>Source Files\Types</Filter>
    </ClInclude>
    <ClInclude Include="Types\InlineQueryResultVoice.h">
      <Filter>Source Files\Types</Filter>
    </ClInclude>
    <ClInclude Include="Types\InputContactMessageContent.h">
      <Filter>Source Files\Types</Filter>
    </ClInclude>
    <ClInclude Include="Types\InputInvoiceMessageContent.h">
      <Filter>Source Files\Types</Filter>
    </ClInclude>
    <ClInclude Include="Types\InputLocationMessageContent.h">
      <Filter>Source Files\Types</Filter>
    </ClInclude>
    <ClInclude Include="Types\InputMediaAnimation.h">
      <Filter>Source Files\Types</Filter>
    </ClInclude>
    <ClInclude Include="Types\InputMediaAudio.h">
      <Filter>Source Files\Types</Filter>
    </ClInclude>
    <ClInclude Include="Types\InputMediaDocument.h">
      <Filter>Source Files\Types</Filter>
    </ClInclude>
    <ClInclude Include="Types\InputMediaPhoto.h">
      <Filter>Source Files\Types</Filter>
    </ClInclude>
    <ClInclude Include="Types\InputMediaVideo.h">
      <Filter>Source Files\Types</Filter>
    </ClInclude>
    <ClInclude Include="Types\InputMessageContent.h">
      <Filter>Source Files\Types</Filter>
    </ClInclude>
    <ClInclude Include="Types\InputTextMessageContent.h">
      <Filter>Source Files\Types</Filter>
    </ClInclude>
    <ClInclude Include="Types\InputVenueMessageContent.h">
      <Filter>Source Files\Types</Filter>
    </ClInclude>
    <ClInclude Include="Types\KeyboardButton.h">
      <Filter>Source Files\Types</Filter>
    </ClInclude>
    <ClInclude Include="Types\KeyboardButtonPollType.h">
      <Filter>Source Files\Types</Filter>
    </ClInclude>
    <ClInclude Include="Types\Location.h">
      <Filter>Source Files\Types</Filter>
    </ClInclude>
    <ClInclude Include="Types\LoginURL.h">
      <Filter>Source Files\Types</Filter>
    </ClInclude>
    <ClInclude Include="Types\MessageAutoDeleteTimerChanged.h">
      <Filter>Source Files\Types</Filter>
    </ClInclude>
    <ClInclude Include="Types\MessageId.h">
      <Filter>Source Files\Types</Filter>
    </ClInclude>
    <ClInclude Include="Types\PhotoSize.h">
      <Filter>Source Files\Types</Filter>
    </ClInclude>
    <ClInclude Include="Types\PollAnswer.h">
      <Filter>Source Files\Types</Filter>
    </ClInclude>
    <ClInclude Include="Types\PollOption.h">
      <Filter>Source Files\Types</Filter>
    </ClInclude>
    <ClInclude Include="Types\ProximityAlertTriggered.h">
      <Filter>Source Files\Types</Filter>
    </ClInclude>
    <ClInclude Include="Types\ReplyKeyboardMarkup.h">
      <Filter>Source Files\Types</Filter>
    </ClInclude>
    <ClInclude Include="Types\ReplyKeyboardRemove.h">
      <Filter>Source Files\Types</Filter>
    </ClInclude>
    <ClInclude Include="Types\ResponseParameters.h">
      <Filter>Source Files\Types</Filter>
    </ClInclude>
    <ClInclude Include="Types\Sticker.h">
      <Filter>Source Files\Types</Filter>
    </ClInclude>
    <ClInclude Include="Types\StickerSet.h">
      <Filter>Source Files\Types</Filter>
    </ClInclude>
    <ClInclude Include="Types\Update.h">
      <Filter>Source Files\Types</Filter>
    </ClInclude>
    <ClInclude Include="Types\User.h">
      <Filter>Source Files\Types</Filter>
    </ClInclude>
    <ClInclude Include="Types\UserProfilePhotos.h">
      <Filter>Source Files\Types</Filter>
    </ClInclude>
    <ClInclude Include="Types\Venue.h">
      <Filter>Source Files\Types</Filter>
    </ClInclude>
    <ClInclude Include="Types\Video.h">
      <Filter>Source Files\Types</Filter>
    </ClInclude>
    <ClInclude Include="Types\VideoNote.h">
      <Filter>Source Files\Types</Filter>
    </ClInclude>
    <ClInclude Include="Types\Voice.h">
      <Filter>Source Files\Types</Filter>
    </ClInclude>
    <ClInclude Include="Types\VoiceChatEnded.h">
      <Filter>Source Files\Types</Filter>
    </ClInclude>
    <ClInclude Include="Types\VoiceChatParticipantsInvited.h">
      <Filter>Source Files\Types</Filter>
    </ClInclude>
    <ClInclude Include="Types\VoiceChatScheduled.h">
      <Filter>Source Files\Types</Filter>
    </ClInclude>
    <ClInclude Include="Types\VoiceChatStarted.h">
      <Filter>Source Files\Types</Filter>
    </ClInclude>
    <ClInclude Include="Types\WebhookInfo.h">
      <Filter>Source Files\Types</Filter>
    </ClInclude>
    <ClInclude Include="BotSettings.h">
      <Filter>Source Files</Filter>
    </ClInclude>
    <ClInclude Include="FunctionArguments.h">
      <Filter>Source Files</Filter>
    </ClInclude>
    <ClInclude Include="TelegramBotAPI.h">
      <Filter>Source Files</Filter>
    </ClInclude>
  </ItemGroup>
</Project>